
Microsoft Visual Studio Solution File, Format Version 12.00
# Visual Studio Version 17
VisualStudioVersion = 17.1.32328.378
MinimumVisualStudioVersion = 10.0.40219.1
Project("{FAE04EC0-301F-11D3-BF4B-00C04F79EFBC}") = "CarreasAPP", "CarreasAPP\CarreasAPP.csproj", "{D33F4E55-CBC3-4EA9-ABC4-83185FA97261}"
EndProject
Project("{FAE04EC0-301F-11D3-BF4B-00C04F79EFBC}") = "CarrerasBackEnd", "CarrerasBackEnd\CarrerasBackEnd.csproj", "{14C2BD13-CCB2-4AB7-9936-8CFA678FA423}"
EndProject
Project("{FAE04EC0-301F-11D3-BF4B-00C04F79EFBC}") = "CarrerasWebAPI", "CarrerasWebAPI\CarrerasWebAPI.csproj", "{D395F022-6027-49E5-962E-F8AD61A90377}"
EndProject
Global
	GlobalSection(SolutionConfigurationPlatforms) = preSolution
		Debug|Any CPU = Debug|Any CPU
		Release|Any CPU = Release|Any CPU
	EndGlobalSection
	GlobalSection(ProjectConfigurationPlatforms) = postSolution
		{D33F4E55-CBC3-4EA9-ABC4-83185FA97261}.Debug|Any CPU.ActiveCfg = Debug|Any CPU
		{D33F4E55-CBC3-4EA9-ABC4-83185FA97261}.Debug|Any CPU.Build.0 = Debug|Any CPU
		{D33F4E55-CBC3-4EA9-ABC4-83185FA97261}.Release|Any CPU.ActiveCfg = Release|Any CPU
		{D33F4E55-CBC3-4EA9-ABC4-83185FA97261}.Release|Any CPU.Build.0 = Release|Any CPU
		{14C2BD13-CCB2-4AB7-9936-8CFA678FA423}.Debug|Any CPU.ActiveCfg = Debug|Any CPU
		{14C2BD13-CCB2-4AB7-9936-8CFA678FA423}.Debug|Any CPU.Build.0 = Debug|Any CPU
		{14C2BD13-CCB2-4AB7-9936-8CFA678FA423}.Release|Any CPU.ActiveCfg = Release|Any CPU
		{14C2BD13-CCB2-4AB7-9936-8CFA678FA423}.Release|Any CPU.Build.0 = Release|Any CPU
		{D395F022-6027-49E5-962E-F8AD61A90377}.Debug|Any CPU.ActiveCfg = Debug|Any CPU
		{D395F022-6027-49E5-962E-F8AD61A90377}.Debug|Any CPU.Build.0 = Debug|Any CPU
		{D395F022-6027-49E5-962E-F8AD61A90377}.Release|Any CPU.ActiveCfg = Release|Any CPU
		{D395F022-6027-49E5-962E-F8AD61A90377}.Release|Any CPU.Build.0 = Release|Any CPU
	EndGlobalSection
	GlobalSection(SolutionProperties) = preSolution
		HideSolutionNode = FALSE
	EndGlobalSection
	GlobalSection(ExtensibilityGlobals) = postSolution
		SolutionGuid = {50420EE8-F655-413F-BDC7-A947E65BA8DF}
	EndGlobalSection
EndGlobal
